---
lockfileVersion: '9.0'

importers:

  .:
    configDependencies: {}
    packageManagerDependencies:
      pnpm:
        specifier: 12.8.1
        version: 12.8.1

packages:

  '@pnpm/exe.android-arm64@12.8.1':
    resolution: {integrity: sha512-siDxcidfz5eM6L2tJfik+i2bbUEw8UC7MZ3Yl2HYdRmqbdhHGAOQACtOOu6QVW4Jul4/w5wVKm+wM8ACtgh1Pg==}
    cpu: [arm64]
    os: [android]

  '@pnpm/exe.android-x64@12.8.1':
    resolution: {integrity: sha512-0F/uqPRc3aN4vLHsa0f+6fTtmsigFQ9/yxEU43fionF//pNHEd5e97b3w/nKIgqYMCUQCJphmBRMA9Q8/wlo9Q==}
    cpu: [x64]
    os: [android]

  '@pnpm/exe.darwin-arm64@12.8.1':
    resolution: {integrity: sha512-/rwavvMQJsl2RIxOHBnDF+4Gk+fhQFAY4M3PQZoKskJOEnaJcygG9p1xby6wcQcbS4d9dIubv09CQhufTgfmpw==}
    cpu: [arm64]
    os: [darwin]

  '@pnpm/exe.darwin-x64@12.8.1':
    resolution: {integrity: sha512-htYt2gN7zqJKLhC99Ft6EUiO7myjZAZXfmGCTJUL1v+o7vE9hZdE1+fAkk4Oj1ZHNRti6b2woOxEkRkAusi8OQ==}
    cpu: [x64]
    os: [darwin]

  '@pnpm/exe.freebsd-x64@12.8.1':
    resolution: {integrity: sha512-PB5BULNgytxvExoOXUUeseS/DcpPENs+cg3iA6xHHeaLT4ctEGKSGXEbuj7USeqvo8JBpAx039hivnbzGqDwnA==}
    cpu: [x64]
    os: [freebsd]

  '@pnpm/exe.linux-arm64-musl@12.8.1':
    resolution: {integrity: sha512-kKeyC/ArjrgdciQRBrOL0j9HtOI4gDRgoyP+eJ1CQKyadpKlf/DhDDyspXe07R3B9KagTVLUF2nlt6Dr5quFIg==}
    cpu: [arm64]
    os: [linux]
    libc: [musl]

  '@pnpm/exe.linux-arm64@12.8.1':
    resolution: {integrity: sha512-q4s9a9X2O3N9aeUFooW24orNrxvu20+jyVUFR5RanPCqOKKPBrgs2iywMkBBx1aXkkzdWT54/mfz8Be8sJlWEw==}
    cpu: [arm64]
    os: [linux]
    libc: [glibc]

  '@pnpm/exe.linux-ppc64@12.8.1':
    resolution: {integrity: sha512-F7XSjKJthwCh/L6abZiMpAfo2Cm61SZIT3e4dfgiIjESndlWaXCnfLKngSgZ/SEMsdmHT6dud3+kWIB3tw0/xQ==}
    cpu: [ppc64]
    os: [linux]
    libc: [glibc]

  '@pnpm/exe.linux-riscv64@12.8.1':
    resolution: {integrity: sha512-z1ecpIK/ZY08Unk69KWWE9867oaKUytGUjrHnBoGFAAhsK+q+0cfvBH+f5fWobJ7FX97leMlLO+gkJolddM45Q==}
    cpu: [riscv64]
    os: [linux]
    libc: [glibc]

  '@pnpm/exe.linux-s390x@12.8.1':
    resolution: {integrity: sha512-KU6tnrBfu4uKXTq6N5qJwSm8FSrs9Wc8b5AUEsHK9bRXwNdsZ1/lRxG1++X29SKRW9OSNuDSjxASv5mAvGo1gA==}
    cpu: [s390x]
    os: [linux]
    libc: [glibc]

  '@pnpm/exe.linux-x64-musl@12.8.1':
    resolution: {integrity: sha512-eUE8BWJkDr2tJb/yrk0yVnszlmNqFarVxUlqiZ9BAkct28Nq/5g2H0tvMDmPA7fAQW3STNj+omJPPRVT+4s5sQ==}
    cpu: [x64]
    os: [linux]
    libc: [musl]

  '@pnpm/exe.linux-x64@12.8.1':
    resolution: {integrity: sha512-8bDZ0lZlCdi2rvnFul7EYgcC7zKeWSe76y8JV2oXobaS8p9i9d6PSf6LgLtTM0fI7R9Oh4eLCbveXyNDMmvZ+g==}
    cpu: [x64]
    os: [linux]
    libc: [glibc]

  '@pnpm/exe.win32-arm64@12.8.1':
    resolution: {integrity: sha512-MsT0dlrRxnCRCHCaosNbhWpEiAFnFuMEu3KuDJDU41BXgTwiINxU8goloUSUDejWZUqKaUqNC/qUTihl9nFtqg==}
    cpu: [arm64]
    os: [win32]

  '@pnpm/exe.win32-x64@12.8.1':
    resolution: {integrity: sha512-SWtPe0PsbTTk//gJND10tMdOfCYjrkq5+qV49hzVhY7xz2iJ339Rc+xwASlcvbwTfrvH39YNqpKYibD+CRGLwA==}
    cpu: [x64]
    os: [win32]

  pnpm@12.8.1:
    resolution: {integrity: sha512-9kupB1B/XOr+BsjTjmBS0BeURFgOwSed3Vv8EctIqoomRLZlmOB+dh2oSHKp/FfV+QK4f6SdAkGY1VhhKqu+RQ==}
    engines: {node: '>=18.*'}
    hasBin: true

snapshots:

  '@pnpm/exe.android-arm64@12.8.1':
    optional: true

  '@pnpm/exe.android-x64@12.8.1':
    optional: true

  '@pnpm/exe.darwin-arm64@12.8.1':
    optional: true

  '@pnpm/exe.darwin-x64@12.8.1':
    optional: true

  '@pnpm/exe.freebsd-x64@12.8.1':
    optional: true

  '@pnpm/exe.linux-arm64-musl@12.8.1':
    optional: true

  '@pnpm/exe.linux-arm64@12.8.1':
    optional: true

  '@pnpm/exe.linux-ppc64@12.8.1':
    optional: true

  '@pnpm/exe.linux-riscv64@12.8.1':
    optional: true

  '@pnpm/exe.linux-s390x@12.8.1':
    optional: true

  '@pnpm/exe.linux-x64-musl@12.8.1':
    optional: true

  '@pnpm/exe.linux-x64@12.8.1':
    optional: true

  '@pnpm/exe.win32-arm64@12.8.1':
    optional: true

  '@pnpm/exe.win32-x64@12.8.1':
    optional: true

  pnpm@12.8.1:
    optionalDependencies:
      '@pnpm/exe.android-arm64': 12.8.1
      '@pnpm/exe.android-x64': 12.8.1
      '@pnpm/exe.darwin-arm64': 12.8.1
      '@pnpm/exe.darwin-x64': 12.8.1
      '@pnpm/exe.freebsd-x64': 12.8.1
      '@pnpm/exe.linux-arm64': 12.8.1
      '@pnpm/exe.linux-arm64-musl': 12.8.1
      '@pnpm/exe.linux-ppc64': 12.8.1
      '@pnpm/exe.linux-riscv64': 12.8.1
      '@pnpm/exe.linux-s390x': 12.8.1
      '@pnpm/exe.linux-x64': 12.8.1
      '@pnpm/exe.linux-x64-musl': 12.8.1
      '@pnpm/exe.win32-arm64': 12.8.1
      '@pnpm/exe.win32-x64': 12.8.1

---
lockfileVersion: '9.0'

settings:
  autoInstallPeers: true
  excludeLinksFromLockfile: false

importers:

  .:
    dependencies:
      '@mercuryworkshop/epoxy-transport':
        specifier: ^3.0.1
        version: 3.0.1
      '@mercuryworkshop/libcurl-transport':
        specifier: ^2.0.5
        version: 2.0.5
      '@mercuryworkshop/proxy-bootstrap':
        specifier: ^0.0.5
        version: 0.0.5
      '@mercuryworkshop/scramjet':
        specifier: ^1.1.0
        version: 1.1.0
      '@mercuryworkshop/scramjet-controller':
        specifier: ^0.0.14
        version: 0.0.14(@mercuryworkshop/scramjet@1.1.0)
      '@mercuryworkshop/scramjet-utils':
        specifier: ^0.0.3
        version: 0.0.3(@mercuryworkshop/scramjet-controller@0.0.14(@mercuryworkshop/scramjet@1.1.0))(@mercuryworkshop/scramjet@1.1.0)
      express:
        specifier: ^5.2.1
        version: 5.2.1
      svelte:
        specifier: ^5.56.1
        version: 5.57.1

packages:

  '@fastify/deepmerge@3.2.1':
    resolution: {integrity: sha512-N5Oqvltoa2r9z1tbx4xjky0oRR60v+T47Ic4J1ukoVQcptLOrIdRnCSdTGmOmajZuHVKlTnfcmrjyqsGEW1ztA==}

  '@isaacs/fs-minipass@4.0.1':
    resolution: {integrity: sha512-wgm9Ehl2jpeqP3zw/7mo3kRHFp5MEDhqAdwy1fTGkHAwnkGOVsgpvQhL8B5n1qlb01jV3n/bI0ZfZp5lWA1k4w==}
    engines: {node: '>=18.0.0'}

  '@jridgewell/gen-mapping@0.3.13':
    resolution: {integrity: sha512-2kkt/7niJ6MgEPxF0bYdQ6etZaA+fQvDcLKckhy1yIQOzaoKjBBjSj63/aLVjYE3qhRt5dvM+uUyfCg6UKCBbA==}

  '@jridgewell/remapping@2.3.5':
    resolution: {integrity: sha512-LI9u/+laYG4Ds1TDKSJW2YPrIlcVYOwi2fUC6xB43lueCjgxV4lffOCZCtYFiH6TNOX+tQKXx97T4IKHbhyHEQ==}

  '@jridgewell/resolve-uri@3.1.2':
    resolution: {integrity: sha512-bRISgCIjP20/tbWSPWMEi54QVPRZExkuD9lJL+UIxUKtwVJA8wW1Trb1jMs1RFXo1CBTNZ/5hpC9QvmKWdopKw==}
    engines: {node: '>=6.0.0'}

  '@jridgewell/sourcemap-codec@1.6.0':
    resolution: {integrity: sha512-T7jf+5zgsZHwNJ4lvQ7/aezbyk0nNX+zJVWpmHA7VYsEx7a7qr5Rg5IbtJFqkgze5Y2sruq1RUY8Q837Od7iFw==}

  '@jridgewell/trace-mapping@0.3.31':
    resolution: {integrity: sha512-zzNR+SdQSDJzc8joaeP8QQoCQr8NuYx2dIIytl1QeBEZHJ9uW6hebsrYgbz8hJwUQao3TWCMtmfV8Nu1twOLAw==}

  '@mercuryworkshop/bare-mux@2.1.9':
    resolution: {integrity: sha512-fiOqWm3VP0Bl8T+0l+qnb7ab9zO+PpKVbtJvOnMsefUv6kWIaoDtqyr9hd/t4gA8oBwgtyZVqIwO2J9nKY9ylw==}

  '@mercuryworkshop/epoxy-tls@2.1.19-1':
    resolution: {integrity: sha512-lF3WVDmKDWfClgFaDm1OAGI6PStcUUKUjNh2AJbfmLXEGh+dT4nvsuTY2QGRImnajCboIRyrpx9eGNY0egZSVg==}

  '@mercuryworkshop/epoxy-transport@3.0.1':
    resolution: {integrity: sha512-8YzL73WaXZJLBRydmmY6NNPt5leB8ygBYuqgLn4+pGQ+wgi+JUC7ZdBQrA86TR6Oue3twbdfDvLRp48bzZ7DSw==}

  '@mercuryworkshop/libcurl-transport@2.0.5':
    resolution: {integrity: sha512-YkAPEAWTEUZZkEOejmRQJxNHw90+kNQnoiSqa5H2sExHBXXdGSXEtg7/35A53U8MDVaznpAwjVbXRONSsfatzw==}

  '@mercuryworkshop/proxy-bootstrap@0.0.5':
    resolution: {integrity: sha512-StS7Lr1nzk4mxTzGeqM9fF56ZFvvcBxcz9/4qSj+rHLp7rgLJ4GKyzlJxelYcuqBv4t25ud7rDtdSiu/diaaXg==}

  '@mercuryworkshop/proxy-transports@1.0.2':
    resolution: {integrity: sha512-zgD+JMYNSx8LxVLWwGPPVnoDHjoh1GqqwUJIjhIwCwhy+Z7g+MhmiTJvCcRPAo7qXXbqJwIrpBJduRSOrjMV7g==}

  '@mercuryworkshop/scramjet-controller@0.0.14':
    resolution: {integrity: sha512-0Sfn0xcUM69h6pIaPmntwFYcAOLyNzGPE6AQSMwrakYUFhJNLbEYWMa4actp6w3jVnwpQ9suggOO1bKrX5zioA==}
    peerDependencies:
      '@mercuryworkshop/scramjet': '*'

  '@mercuryworkshop/scramjet-utils@0.0.3':
    resolution: {integrity: sha512-Ye3XcY+4rbDVokooI+shBCNkWCP6rvM7BlmfF5HRjCXnRA9W3D1R9mW4Mt3RnIQXBUf27OpESOJpFhsGHIR7FQ==}
    peerDependencies:
      '@mercuryworkshop/scramjet': '*'
      '@mercuryworkshop/scramjet-controller': '*'

  '@mercuryworkshop/scramjet@1.1.0':
    resolution: {integrity: sha512-T/9GZqAQX42eYr/t6VGR2m9J4BtIuncRkANo8hBVTGskrr522yuhaADhSu+65DYlhUyQnLUjDikuNYzlgv0Ejw==}

  '@mercuryworkshop/wisp-js@0.4.1':
    resolution: {integrity: sha512-104LwiXiuhti/e32gmv0Da0u0yuLFDHX8JawCzleTPWJ5t5qTX4EYi4E7/ucbjBPN9wwVPWHE5g5yGqzl/NzQA==}
    hasBin: true

  '@sveltejs/acorn-typescript@1.0.13':
    resolution: {integrity: sha512-wgKggnhZVL9Bfx1OaKKTrYY9BFRk6C8UAkQNUcIv1+llzYrIqy+RZm5HPKzn0NpEBvTVhTqB4kQyllZywsRBRQ==}
    peerDependencies:
      acorn: ^8.9.0

  '@types/estree@1.0.9':
    resolution: {integrity: sha512-GhdPgy1el4/ImP05X05Uw4cw2/M93BCUmnEvWZNStlCzEKME4Fkk+YpoA5OiHNQmoS7Cafb8Xa3Pya8m1Qrzeg==}

  accepts@2.0.0:
    resolution: {integrity: sha512-5cvg6CtKwfgdmVqY1WIiXKc3Q1bkRqGLi+2W/6ao+6Y7gu/RCwRuAhGEzh5B4KlszSuTLgZYuqFqo5bImjNKng==}
    engines: {node: '>= 0.6'}

  acorn@8.18.0:
    resolution: {integrity: sha512-lGq+9yr1/GuAWaVYIHRjvvySG5/4VfKIvC8EWxStPdcDh/Ka7FG3twP6v4d5BkravUilhIAsG4Qj83t02LWUPQ==}
    engines: {node: '>=0.4.0'}
    hasBin: true

  aria-query@5.3.1:
    resolution: {integrity: sha512-Z/ZeOgVl7bcSYZ/u/rh0fOpvEpq//LZmdbkXyc7syVzjPAhfOa9ebsdTSjEBDU4vs5nC98Kfduj1uFo0qyET3g==}
    engines: {node: '>= 0.4'}

  axobject-query@4.1.0:
    resolution: {integrity: sha512-qIj0G9wZbMGNLjLmg1PT6v2mE9AH2zlnADJD/2tC6E00hgmhUOfEB6greHPAfLRSufHqROIUTkw6E+M3lH0PTQ==}
    engines: {node: '>= 0.4'}

  body-parser@2.3.0:
    resolution: {integrity: sha512-2cGmJupaNgg+QUwVLAucDuWuoMZ6EX9iHDRswZ5lsNYEmwPaRknMPCLZz07yTzVq/83p4o/wzbDZbBrTvGGTIw==}
    engines: {node: '>=18'}

  bufferutil@4.1.0:
    resolution: {integrity: sha512-ZMANVnAixE6AWWnPzlW2KpUrxhm9woycYvPOo67jWHyFowASTEd9s+QN1EIMsSDtwhIxN4sWE1jotpuDUIgyIw==}
    engines: {node: '>=6.14.2'}

  bytes@3.1.2:
    resolution: {integrity: sha512-/Nf7TyzTx6S3yRJObOAV7956r8cr2+Oj8AC5dt8wSP3BQAoeX58NoHyCU8P8zGkNXStjTSi6fzO6F0pBdcYbEg==}
    engines: {node: '>= 0.8'}

  call-bind-apply-helpers@1.0.2:
    resolution: {integrity: sha512-Sp1ablJ0ivDkSzjcaJdxEunN5/XvksFJ2sMBFfq6x0ryhQV/2b/KwFe21cMpmHtPOSij8K99/wSfoEuTObmuMQ==}
    engines: {node: '>= 0.4'}

  call-bound@1.0.4:
    resolution: {integrity: sha512-+ys997U96po4Kx/ABpBCqhA9EuxJaQWDQg7295H4hBphv3IZg0boBKuwYpt4YXp6MZ5AmZQnU/tyMTlRpaSejg==}
    engines: {node: '>= 0.4'}

  chownr@3.0.0:
    resolution: {integrity: sha512-+IxzY9BZOQd/XuYPRmrvEVjF/nqj5kgT4kEq7VofrDoM1MxoRjEWkrCC3EtLi59TVawxTAn+orJwFQcrqEN1+g==}
    engines: {node: '>=18'}

  clone-regexp@3.0.0:
    resolution: {integrity: sha512-ujdnoq2Kxb8s3ItNBtnYeXdm07FcU0u8ARAT1lQ2YdMwQC+cdiXX8KoqMVuglztILivceTtp4ivqGSmEmhBUJw==}
    engines: {node: '>=12'}

  clsx@2.1.1:
    resolution: {integrity: sha512-eYm0QWBtUrBWZWG0d386OGAw16Z995PiOVo2B7bjWSbHedGl5e0ZWaq65kOGgUSNesEIDkB9ISbTg/JK9dhCZA==}
    engines: {node: '>=6'}

  commander@14.0.3:
    resolution: {integrity: sha512-H+y0Jo/T1RZ9qPP4Eh1pkcQcLRglraJaSLoyOtHxu6AapkjWVCy2Sit1QQ4x3Dng8qDlSsZEet7g5Pq06MvTgw==}
    engines: {node: '>=20'}

  content-disposition@1.1.0:
    resolution: {integrity: sha512-5jRCH9Z/+DRP7rkvY83B+yGIGX96OYdJmzngqnw2SBSxqCFPd0w2km3s5iawpGX8krnwSGmF0FW5Nhr0Hfai3g==}
    engines: {node: '>=18'}

  content-type@1.0.5:
    resolution: {integrity: sha512-nTjqfcBFEipKdXCv4YDQWCfmcLZKm81ldF0pAopTvyrFGVbcR6P/VAAd5G7N+0tTr8QqiU0tFadD6FK4NtJwOA==}
    engines: {node: '>= 0.6'}

  content-type@2.1.0:
    resolution: {integrity: sha512-mj7UPXE0jaqaOsukNZRUEfEi2AcL7C/vwmwcHV0O97eO1E1pxBZuyjlZrx5seTaNBg1U6+o35wpa35Qfcc+7ag==}
    engines: {node: '>=18'}

  convert-hrtime@5.0.0:
    resolution: {integrity: sha512-lOETlkIeYSJWcbbcvjRKGxVMXJR+8+OQb/mTPbA4ObPMytYIsUbuOE0Jzy60hjARYszq1id0j8KgVhC+WGZVTg==}
    engines: {node: '>=12'}

  cookie-signature@1.2.2:
    resolution: {integrity: sha512-D76uU73ulSXrD1UXF4KE2TMxVVwhsnCgfAyTg9k8P6KGZjlXKrOLe4dJQKI3Bxi5wjesZoFXJWElNWBjPZMbhg==}
    engines: {node: '>=6.6.0'}

  cookie@0.7.2:
    resolution: {integrity: sha512-yki5XnKuf750l50uGTllt6kKILY4nQ1eNIQatoXEByZ5dWgnKqbnqmTrBE5B4N7lrMJKQ2ytWMiTO2o0v6Ew/w==}
    engines: {node: '>= 0.6'}

  debug@4.4.3:
    resolution: {integrity: sha512-RGwwWnwQvkVfavKVt22FGLw+xYSdzARwm0ru6DhTVA3umU5hZc28V3kO4stgYryrTlLpuvgI9GiijltAjNbcqA==}
    engines: {node: '>=6.0'}
    peerDependencies:
      supports-color: '*'
    peerDependenciesMeta:
      supports-color:
        optional: true

  depd@2.0.0:
    resolution: {integrity: sha512-g7nH6P6dyDioJogAAGprGpCtVImJhpPk/roCzdb3fIh61/s/nPsfR6onyMwkCAR/OlC3yBC0lESvUoQEAssIrw==}
    engines: {node: '>= 0.8'}

  devalue@5.9.4:
    resolution: {integrity: sha512-sPAT4pztbu6586/hrhOnMKS17IJrvg12mXiSPSS3W5qDeN2RGgvZ0diZCm31dBbnevfVmujNO3IM2wrS4Y2Rhg==}

  dom-serializer@2.0.0:
    resolution: {integrity: sha512-wIkAryiqt/nV5EQKqQpo3SToSOV9J0DnbJqwK7Wv/Trc92zIAYZ4FlMu+JPFW1DfGFt81ZTCGgDEabffXeLyJg==}

  domelementtype@2.3.0:
    resolution: {integrity: sha512-OLETBj6w0OsagBwdXnPdN0cnMfF9opN69co+7ZrbfPGrdpPVNBUj02spi6B1N7wChLQiPn4CSH/zJvXw56gmHw==}

  domhandler@5.0.3:
    resolution: {integrity: sha512-cgwlv/1iFQiFnU96XXgROh8xTeetsnJiDsTc7TYCLFd9+/WNkIqPTxiM/8pSd8VIrhXGTf1Ny1q1hquVqDJB5w==}
    engines: {node: '>= 4'}

  domutils@3.2.2:
    resolution: {integrity: sha512-6kZKyUajlDuqlHKVX1w7gyslj9MPIXzIFiz/rGu35uC1wMi+kMhQwGhl4lt9unC9Vb9INnY9Z3/ZA3+FhASLaw==}

  dunder-proto@1.0.1:
    resolution: {integrity: sha512-KIN/nDJBQRcXw0MLVhZE9iQHmG68qAVIBg9CqmUYjmQIhgij9U5MFvrqkUL5FbtyyzZuOeOt0zdeRe4UY7ct+A==}
    engines: {node: '>= 0.4'}

  ee-first@1.1.1:
    resolution: {integrity: sha512-WMwm9LhRUo+WUaRN+vRuETqG89IgZphVSNkdFgeb6sS/E4OrDIN7t48CAewSHXc6C8lefD8KKfr5vY61brQlow==}

  encodeurl@2.0.0:
    resolution: {integrity: sha512-Q0n9HRi4m6JuGIV1eFlmvJB7ZEVxu93IrMyiMsGC0lrMJMWzRgx6WGquyfQgZVb31vhGgXnfmPNNXmxnOkRBrg==}
    engines: {node: '>= 0.8'}

  entities@4.5.0:
    resolution: {integrity: sha512-V0hjH4dGPh9Ao5p0MoRY6BVqtwCjhz6vI5LT8AJ55H+4g9/4vbHx1I54fS0XuclLhDHArPQCiMjDxjaL8fPxhw==}
    engines: {node: '>=0.12'}

  entities@6.0.1:
    resolution: {integrity: sha512-aN97NXWF6AWBTahfVOIrB/NShkzi5H7F9r1s9mD3cDj4Ko5f2qhhVoYMibXF7GlLveb/D2ioWay8lxI97Ven3g==}
    engines: {node: '>=0.12'}

  es-define-property@1.0.1:
    resolution: {integrity: sha512-e3nRfgfUZ4rNGL232gUgX06QNyyez04KdjFrF+LTRoOXmrOgFKDg4BCdsjW8EnT69eqdYGmRpJwiPVYNrCaW3g==}
    engines: {node: '>= 0.4'}

  es-errors@1.3.0:
    resolution: {integrity: sha512-Zf5H2Kxt2xjTvbJvP2ZWLEICxA6j+hAmMzIlypy4xcBg1vKVnx89Wy0GbS+kf5cwCVFFzdCFh2XSCFNULS6csw==}
    engines: {node: '>= 0.4'}

  es-object-atoms@1.1.2:
    resolution: {integrity: sha512-HWcBoN6NileqtSydK2FqHbS/LoDd2pqrnQHLyJzBj4kOp/ky2MWMN694xOfkK8/SnUsW2DH7EfyVlydKCsm1Zw==}
    engines: {node: '>= 0.4'}

  escape-html@1.0.3:
    resolution: {integrity: sha512-NiSupZ4OeuGwr68lGIeym/ksIZMJodUGOSCZ/FSnTxcrekbvqrgdUxlJOMpijaKZVjAJrWrGs/6Jy8OMuyj9ow==}

  esm-env@1.2.2:
    resolution: {integrity: sha512-Epxrv+Nr/CaL4ZcFGPJIYLWFom+YeV1DqMLHJoEd9SYRxNbaFruBwfEX/kkHUJf55j2+TUbmDcmuilbP1TmXHA==}

  esrap@2.4.0:
    resolution: {integrity: sha512-CQPcneEHw/czj32uwQC52nYnax8H4SXt25FCM+LIwGZ49cMIxpOj3bP8wmzcI+Z0HIy5KkClaPhRLfCySzwHPA==}
    peerDependencies:
      '@typescript-eslint/types': ^8.2.0
    peerDependenciesMeta:
      '@typescript-eslint/types':
        optional: true

  etag@1.8.1:
    resolution: {integrity: sha512-aIL5Fx7mawVa300al2BnEE4iNvo1qETxLrPI/o05L7z6go7fCw1J6EQmbK4FmJ2AS7kgVF/KEZWufBfdClMcPg==}
    engines: {node: '>= 0.6'}

  express@5.2.1:
    resolution: {integrity: sha512-hIS4idWWai69NezIdRt2xFVofaF4j+6INOpJlVOLDO8zXGpUVEVzIYk12UUi2JzjEzWL3IOAxcTubgz9Po0yXw==}
    engines: {node: '>= 18'}

  finalhandler@2.1.1:
    resolution: {integrity: sha512-S8KoZgRZN+a5rNwqTxlZZePjT/4cnm0ROV70LedRHZ0p8u9fRID0hJUZQpkKLzro8LfmC8sx23bY6tVNxv8pQA==}
    engines: {node: '>= 18.0.0'}

  forwarded@0.2.0:
    resolution: {integrity: sha512-buRG0fpBtRHSTCOASe6hD258tEubFoRLb4ZNA6NxMVHNw2gOcwHo9wyablzMzOA5z9xA9L1KNjk/Nt6MT9aYow==}
    engines: {node: '>= 0.6'}

  fresh@2.0.0:
    resolution: {integrity: sha512-Rx/WycZ60HOaqLKAi6cHRKKI7zxWbJ31MhntmtwMoaTeF7XFH9hhBp8vITaMidfljRQ6eYWCKkaTK+ykVJHP2A==}
    engines: {node: '>= 0.8'}

  function-bind@1.1.2:
    resolution: {integrity: sha512-7XHNxH7qX9xG5mIwxkhumTox/MIRNcOgDrxWsMt2pAr23WHp6MrRlN7FBSFpCpr+oVO0F744iUgR82nJMfG2SA==}

  function-timeout@0.1.1:
    resolution: {integrity: sha512-0NVVC0TaP7dSTvn1yMiy6d6Q8gifzbvQafO46RtLG/kHJUBNd+pVRGOBoK44wNBvtSPUJRfdVvkFdD3p0xvyZg==}
    engines: {node: '>=14.16'}

  get-intrinsic@1.3.0:
    resolution: {integrity: sha512-9fSjSaos/fRIVIp+xSJlE6lfwhES7LNtKaCBIamHsjr2na1BiABJPo0mOjjz8GJDURarmCPGqaiVg5mfjb98CQ==}
    engines: {node: '>= 0.4'}

  get-proto@1.0.1:
    resolution: {integrity: sha512-sTSfBjoXBp89JvIKIefqw7U2CCebsc74kiY6awiGogKtoSGbgjYE/G/+l9sF3MWFPNc9IcoOC4ODfKHfxFmp0g==}
    engines: {node: '>= 0.4'}

  gopd@1.2.0:
    resolution: {integrity: sha512-ZUKRh6/kUFoAiTAtTYPZJ3hw9wNxx+BIBOijnlG9PnrJsCcSjs1wyyD6vJpaYtgnzDrKYRSqf3OO6Rfa93xsRg==}
    engines: {node: '>= 0.4'}

  has-symbols@1.1.0:
    resolution: {integrity: sha512-1cDNdwJ2Jaohmb3sg4OmKaMBwuC48sYni5HUw2DvsC8LjGTLK9h+eb1X6RyuOHe4hT0ULCW68iomhjUoKUqlPQ==}
    engines: {node: '>= 0.4'}

  hasown@2.0.4:
    resolution: {integrity: sha512-T2UbfbBEF32wiepXIsMlTW9+dDYC6wMh/t/vYA4tuOMKqWz/n3vr1NFSxQiyP+zk2mXsoMA/i/7qV6LKut1t1A==}
    engines: {node: '>= 0.4'}

  htmlparser2@10.0.0:
    resolution: {integrity: sha512-TwAZM+zE5Tq3lrEHvOlvwgj1XLWQCtaaibSN11Q+gGBAS7Y1uZSWwXXRe4iF6OXnaq1riyQAPFOBtYc77Mxq0g==}

  http-errors@2.0.1:
    resolution: {integrity: sha512-4FbRdAX+bSdmo4AUFuS0WNiPz8NgFt+r8ThgNWmlrjQjt1Q7ZR9+zTlce2859x4KSXrwIsaeTqDoKQmtP8pLmQ==}
    engines: {node: '>= 0.8'}

  iconv-lite@0.7.3:
    resolution: {integrity: sha512-IKXpvIzjnC9XTAUbVBcMfGS0EPaIXtW6v+zr+RRp+hqULEpo0owZax6wyRwPOJbWbzjYspQwusTsfVr0ifh4uQ==}
    engines: {node: '>=0.10.0'}

  idb@8.0.3:
    resolution: {integrity: sha512-LtwtVyVYO5BqRvcsKuB2iUMnHwPVByPCXFXOpuU96IZPPoPN6xjOGxZQ74pgSVVLQWtUOYgyeL4GE98BY5D3wg==}

  inherits@2.0.4:
    resolution: {integrity: sha512-k/vGaX4/Yla3WzyMCvTQOXYeIHvqOKtnqBduzTHpzpQZzAskKMhZ2K+EnBiSM9zGSoIFeMpXKxa4dYeZIQqewQ==}

  ip-regex@5.0.0:
    resolution: {integrity: sha512-fOCG6lhoKKakwv+C6KdsOnGvgXnmgfmp0myi3bcNwj3qfwPAxRKWEuFhvEFF7ceYIz6+1jRZ+yguLFAmUNPEfw==}
    engines: {node: ^12.20.0 || ^14.13.1 || >=16.0.0}

  ipaddr.js@1.9.1:
    resolution: {integrity: sha512-0KI/607xoxSToH7GjN1FfSbLoU0+btTicjsQSWQlh/hZykN8KpmMf7uYwPW3R+akZ6R/w18ZlXSHBYXiYUPO3g==}
    engines: {node: '>= 0.10'}

  ipaddr.js@2.5.0:
    resolution: {integrity: sha512-aq+t5NAc+cS6rZQQVWC2x98CPqGtKKTMDd4Gaodv0wShnItdKg/51djkGJ1hqH+Oy0ivDftCbSLCQob8zso01w==}
    engines: {node: '>= 10'}

  is-ip@5.0.1:
    resolution: {integrity: sha512-FCsGHdlrOnZQcp0+XT5a+pYowf33itBalCl+7ovNXC/7o5BhIpG14M3OrpPPdBSIQJCm+0M5+9mO7S9VVTTCFw==}
    engines: {node: '>=14.16'}

  is-promise@4.0.0:
    resolution: {integrity: sha512-hvpoI6korhJMnej285dSg6nu1+e6uxs7zG3BYAm5byqDsgJNWwxzM6z6iZiAgQR4TJ30JmBTOwqZUw3WlyH3AQ==}

  is-reference@3.0.3:
    resolution: {integrity: sha512-ixkJoqQvAP88E6wLydLGGqCJsrFUnqoH6HnaczB8XmDH1oaWU+xxdptvikTgaEhtZ53Ky6YXiBuUI2WXLMCwjw==}

  is-regexp@3.1.0:
    resolution: {integrity: sha512-rbku49cWloU5bSMI+zaRaXdQHXnthP6DZ/vLnfdSKyL4zUzuWnomtOEiZZOd+ioQ+avFo/qau3KPTc7Fjy1uPA==}
    engines: {node: '>=12'}

  libcurl.js@0.7.4:
    resolution: {integrity: sha512-UpvVirvATP7fD0t4rnsxVRuUpPVIo2QvWj4+5JrMsd1KSEvYkON36+COOPAl88hPlGJddk+DfZRvyF7KG7YcSA==}

  locate-character@3.0.0:
    resolution: {integrity: sha512-SW13ws7BjaeJ6p7Q6CO2nchbYEc3X3J6WrmTTDto7yMPqVSZTUyY5Tjbid+Ab8gLnATtygYtiDIJGQRRn2ZOiA==}

  magic-string@0.30.21:
    resolution: {integrity: sha512-vd2F4YUyEXKGcLHoq+TEyCjxueSeHnFxyyjNp80yg0XV4vUhnDer/lvvlqM/arB5bXQN5K2/3oinyCRyx8T2CQ==}

  math-intrinsics@1.1.0:
    resolution: {integrity: sha512-/IXtbwEk5HTPyEwyKX6hGkYXxM9nbj64B+ilVJnC/R6B0pH5G4V3b0pVbL7DBj4tkhBAppbQUlf6F6Xl9LHu1g==}
    engines: {node: '>= 0.4'}

  media-typer@1.1.1:
    resolution: {integrity: sha512-yz3xRaG20c6/BOzvYoDaGtPmGscs7YivItZEEqe6GbwNfHuxu9YNmvnEkMzKldAGY4/80pRcQRZSEnhquk9XuQ==}
    engines: {node: '>= 0.8'}

  merge-descriptors@2.0.0:
    resolution: {integrity: sha512-Snk314V5ayFLhp3fkUREub6WtjBfPdCPY1Ln8/8munuLuiYhsABgBVWsozAG+MWMbVEvcdcpbi9R7ww22l9Q3g==}
    engines: {node: '>=18'}

  mime-db@1.54.0:
    resolution: {integrity: sha512-aU5EJuIN2WDemCcAp2vFBfp/m4EAhWJnUNSSw0ixs7/kXbd6Pg64EmwJkNdFhB8aWt1sH2CTXrLxo/iAGV3oPQ==}
    engines: {node: '>= 0.6'}

  mime-types@3.0.2:
    resolution: {integrity: sha512-Lbgzdk0h4juoQ9fCKXW4by0UJqj+nOOrI9MJ1sSj4nI8aI2eo1qmvQEie4VD1glsS250n15LsWsYtCugiStS5A==}
    engines: {node: '>=18'}

  minipass@7.1.3:
    resolution: {integrity: sha512-tEBHqDnIoM/1rXME1zgka9g6Q2lcoCkxHLuc7ODJ5BxbP5d4c2Z5cGgtXAku59200Cx7diuHTOYfSBD8n6mm8A==}
    engines: {node: '>=16 || 14 >=14.17'}

  minizlib@3.1.0:
    resolution: {integrity: sha512-KZxYo1BUkWD2TVFLr0MQoM8vUUigWD3LlD83a/75BqC+4qE0Hb1Vo5v1FgcfaNXvfXzr+5EhQ6ing/CaBijTlw==}
    engines: {node: '>= 18'}

  ms@2.1.3:
    resolution: {integrity: sha512-6FlzubTLZG3J2a/NVCAleEhjzq5oxgHyaCU9yYXvcLsvoVaHJq/s5xXI6/XXP6tz7R9xAOtHnSO/tXtF3WRTlA==}

  negotiator@1.1.0:
    resolution: {integrity: sha512-NMPBRMJgiQHjbd8phG3Vebdx4kZ1H121rbl5IkMqeOsahptB9BKo/d7oJ3zTXqTgagn2bWlNSXkh0QUGM31RYg==}
    engines: {node: '>=18'}

  node-gyp-build@4.8.4:
    resolution: {integrity: sha512-LA4ZjwlnUblHVgq0oBF3Jl/6h/Nvs5fzBLwdEF4nuxnFdsfajde4WfxtJr3CaiH+F6ewcIB/q4jQ4UzPyid+CQ==}
    hasBin: true

  object-inspect@1.13.4:
    resolution: {integrity: sha512-W67iLl4J2EXEGTbfeHCffrjDfitvLANg0UlX3wFUUSTx92KXRFegMHUVgSqE+wvhAbi4WqjGg9czysTV2Epbew==}
    engines: {node: '>= 0.4'}

  on-finished@2.4.1:
    resolution: {integrity: sha512-oVlzkg3ENAhCk2zdv7IJwd/QUD4z2RxRwpkcGY8psCVcCYZNq4wYnVWALHM+brtuJjePWiYF/ClmuDr8Ch5+kg==}
    engines: {node: '>= 0.8'}

  once@1.4.0:
    resolution: {integrity: sha512-lNaJgI+2Q5URQBkccEKHTQOPaXdUxnZZElQTZY0MFUAuaEqe1E+Nyvgdz/aIyNi6Z9MzO5dv1H8n58/GELp3+w==}

  parse-domain@8.4.0:
    resolution: {integrity: sha512-dQK2vh9TfEYtfuA8haMyk1mkYRya1MP1r2bs79bnDb3w4uOgPgXdwUUmTOpSiDsQL71BlZRS7+rIWdBJfp2QwQ==}
    hasBin: true

  parseurl@1.3.3:
    resolution: {integrity: sha512-CiyeOxFT/JZyN5m0z9PfXw4SCBJ6Sygz1Dpl0wqjlhDEGGBP1GnsUVEL0p63hoG1fcj3fHynXi9NYO4nWOL+qQ==}
    engines: {node: '>= 0.8'}

  path-to-regexp@8.4.2:
    resolution: {integrity: sha512-qRcuIdP69NPm4qbACK+aDogI5CBDMi1jKe0ry5rSQJz8JVLsC7jV8XpiJjGRLLol3N+R5ihGYcrPLTno6pAdBA==}

  proxy-addr@2.0.8:
    resolution: {integrity: sha512-5nnx0yGyVUcY6t9RnWcARWtwT9F1D8O9rt08htPvnd49W1IgZtmLkhu9WfMzQj1cFxjHIO6connUNVW5k7AVyQ==}
    engines: {node: '>= 0.10'}

  qs@6.16.0:
    resolution: {integrity: sha512-h6fhOIaRrID2CbEY2fqs+7t+UXZo+MLAnU5gRIq85uFtdiUPCdsApMlHhXogKVM4HM2DVbIjGNTTYH2OcmP1vA==}
    engines: {node: '>=0.6'}

  range-parser@1.3.0:
    resolution: {integrity: sha512-hek2mFQpPuI4E1BBKrSto+BU3e3x4xuarsbiwr3+lf7p44juvFMV0XFWQAP3xUyqXA4RrXLIoaSUGbSt056ZMw==}
    engines: {node: '>= 0.6'}

  raw-body@3.0.2:
    resolution: {integrity: sha512-K5zQjDllxWkf7Z5xJdV0/B0WTNqx6vxG70zJE4N0kBs4LovmEYWJzQGxC9bS9RAKu3bgM40lrd5zoLJ12MQ5BA==}
    engines: {node: '>= 0.10'}

  router@2.2.0:
    resolution: {integrity: sha512-nLTrUKm2UyiL7rlhapu/Zl45FwNgkZGaCpZbIHajDYgwlJCOzLSk+cIPAnsEqV955GjILJnKbdQC1nVPz+gAYQ==}
    engines: {node: '>= 18'}

  safer-buffer@2.1.2:
    resolution: {integrity: sha512-YZo3K82SD7Riyi0E1EQPojLz7kpepnSQI9IyPbHHg1XXXevb5dJI7tpyN2ADxGcQbHG7vcyRHk0cbwqcQriUtg==}

  send@1.2.1:
    resolution: {integrity: sha512-1gnZf7DFcoIcajTjTwjwuDjzuz4PPcY2StKPlsGAQ1+YH20IRVrBaXSWmdjowTJ6u8Rc01PoYOGHXfP1mYcZNQ==}
    engines: {node: '>= 18'}

  serve-static@2.2.1:
    resolution: {integrity: sha512-xRXBn0pPqQTVQiC8wyQrKs2MOlX24zQ0POGaj0kultvoOCstBQM5yvOhAVSUwOMjQtTvsPWoNCHfPGwaaQJhTw==}
    engines: {node: '>= 18'}

  set-cookie-parser@2.7.2:
    resolution: {integrity: sha512-oeM1lpU/UvhTxw+g3cIfxXHyJRc/uidd3yK1P242gzHds0udQBYzs3y8j4gCCW+ZJ7ad0yctld8RYO+bdurlvw==}

  setprototypeof@1.2.0:
    resolution: {integrity: sha512-E5LDX7Wrp85Kil5bhZv46j8jOeboKq5JMmYM3gVGdGH8xFpPWXUMsNrlODCrkoxMEeNi/XZIwuRvY4XNwYMJpw==}

  side-channel-list@1.0.1:
    resolution: {integrity: sha512-mjn/0bi/oUURjc5Xl7IaWi/OJJJumuoJFQJfDDyO46+hBWsfaVM65TBHq2eoZBhzl9EchxOijpkbRC8SVBQU0w==}
    engines: {node: '>= 0.4'}

  side-channel-map@1.0.1:
    resolution: {integrity: sha512-VCjCNfgMsby3tTdo02nbjtM/ewra6jPHmpThenkTYh8pG9ucZ/1P8So4u4FGBek/BjpOVsDCMoLA/iuBKIFXRA==}
    engines: {node: '>= 0.4'}

  side-channel-weakmap@1.0.2:
    resolution: {integrity: sha512-WPS/HvHQTYnHisLo9McqBHOJk2FkHO/tlpvldyrnem4aeQp4hai3gythswg6p01oSoTl58rcpiFAjF2br2Ak2A==}
    engines: {node: '>= 0.4'}

  side-channel@1.1.1:
    resolution: {integrity: sha512-6x6dK6zJdpTzF4sQeNYxwtvBzf6Eg4GtlesS94HOvTudUeyK2WXAaIfmDgsyslYrRBeFIlsi54AYsFGUuhmvrQ==}
    engines: {node: '>= 0.4'}

  statuses@2.0.2:
    resolution: {integrity: sha512-DvEy55V3DB7uknRo+4iOGT5fP1slR8wQohVdknigZPMpMstaKJQWhwiYBACJE3Ul2pTnATihhBYnRhZQHGBiRw==}
    engines: {node: '>= 0.8'}

  super-regex@0.2.0:
    resolution: {integrity: sha512-WZzIx3rC1CvbMDloLsVw0lkZVKJWbrkJ0k1ghKFmcnPrW1+jWbgTkTEWVtD9lMdmI4jZEz40+naBxl1dCUhXXw==}
    engines: {node: '>=14.16'}

  svelte@5.57.1:
    resolution: {integrity: sha512-Uqj49lWKB+iSSnneuwiYYJ7MZgkB+eXr0LXBhv4uDuAkXqnWmq65Sxflfvp0Lc6MdKjMUxGaeOKWJqz5SNiVIA==}
    engines: {node: '>=18'}

  tar@7.5.22:
    resolution: {integrity: sha512-MFO/QzvtAOmJbkhOaCTvbGcFN9L9b+JunIsDwaKljSOdcLMea3NJ1k9Usz/rjdfSXTq4dfzfeS7W4p4YOAAHeA==}
    engines: {node: '>=18'}

  time-span@5.1.0:
    resolution: {integrity: sha512-75voc/9G4rDIJleOo4jPvN4/YC4GRZrY8yy1uU4lwrB3XEQbWve8zXoO5No4eFrGcTAMYyoY67p8jRQdtA1HbA==}
    engines: {node: '>=12'}

  toidentifier@1.0.1:
    resolution: {integrity: sha512-o5sSPKEkg/DIQNmH43V0/uerLrpzVedkUh8tGNvaeXpfpuwjKenlSox/2O/BTlZUtEe+JG7s5YhEz608PlAHRA==}
    engines: {node: '>=0.6'}

  type-is@2.1.0:
    resolution: {integrity: sha512-faYHw0anBbc/kWF3zFTEnxSFOAGUX9GFbOBthvDdLsIlEoWOFOtS0zgCiQYwIskL9iGXZL3kAXD8OoZ4GmMATA==}
    engines: {node: '>= 18'}

  unpipe@1.0.0:
    resolution: {integrity: sha512-pjy2bYhSsufwWlKwPc+l3cN7+wuJlK6uz0YdJEOlQDbl6jo/YlPi4mb8agUkVC8BF7V8NuzeyPNqRksA3hztKQ==}
    engines: {node: '>= 0.8'}

  vary@1.1.2:
    resolution: {integrity: sha512-BNGbWLfd0eUPabhkXUVm0j8uuvREyTh5ovRa/dyow/BqAbZJyC+5fU+IzQOzmAKzYqYRAISoRhdQr3eIZ/PXqg==}
    engines: {node: '>= 0.8'}

  wrappy@1.0.2:
    resolution: {integrity: sha512-l4Sp/DRseor9wL6EvV2+TuQn63dMkPjZ/sp9XkghTEbV9KlPS1xUsZ3u7/IQO4wxtcFB4bgpQPRcR3QCvezPcQ==}

  ws@8.22.0:
    resolution: {integrity: sha512-Ydggc987+RO0AnWtZ/7Wq9FtNvcrL1b/RO0ud9mWjUPgDrsAAwQSF51sm2hm1XofbU/4jkpGEsLFsZZxU+1DOg==}
    engines: {node: '>=10.0.0'}
    peerDependencies:
      bufferutil: ^4.0.1
      utf-8-validate: '>=5.0.2'
    peerDependenciesMeta:
      bufferutil:
        optional: true
      utf-8-validate:
        optional: true

  yallist@5.0.0:
    resolution: {integrity: sha512-YgvUTfwqyc7UXVMrB+SImsVYSmTS8X/tSrtdNZMImM+n7+QTriRXyXim0mBrTXNeqzVF0KWGgHPeiyViFFrNDw==}
    engines: {node: '>=18'}

  zimmerframe@1.1.5:
    resolution: {integrity: sha512-msJxIvYDYcoNL+PJsu+7qmpDWsYmAxTY+2TNYXXF0hzBzBk0BMecOqDOG/EckUoKCuKwObfbugIl8QpqHDXeFA==}

snapshots:

  '@fastify/deepmerge@3.2.1': {}

  '@isaacs/fs-minipass@4.0.1':
    dependencies:
      minipass: 7.1.3

  '@jridgewell/gen-mapping@0.3.13':
    dependencies:
      '@jridgewell/sourcemap-codec': 1.6.0
      '@jridgewell/trace-mapping': 0.3.31

  '@jridgewell/remapping@2.3.5':
    dependencies:
      '@jridgewell/gen-mapping': 0.3.13
      '@jridgewell/trace-mapping': 0.3.31

  '@jridgewell/resolve-uri@3.1.2': {}

  '@jridgewell/sourcemap-codec@1.6.0': {}

  '@jridgewell/trace-mapping@0.3.31':
    dependencies:
      '@jridgewell/resolve-uri': 3.1.2
      '@jridgewell/sourcemap-codec': 1.6.0

  '@mercuryworkshop/bare-mux@2.1.9': {}

  '@mercuryworkshop/epoxy-tls@2.1.19-1': {}

  '@mercuryworkshop/epoxy-transport@3.0.1':
    dependencies:
      '@mercuryworkshop/epoxy-tls': 2.1.19-1

  '@mercuryworkshop/libcurl-transport@2.0.5':
    dependencies:
      libcurl.js: 0.7.4

  '@mercuryworkshop/proxy-bootstrap@0.0.5':
    dependencies:
      '@mercuryworkshop/wisp-js': 0.4.1
      tar: 7.5.22
    transitivePeerDependencies:
      - utf-8-validate

  '@mercuryworkshop/proxy-transports@1.0.2': {}

  '@mercuryworkshop/scramjet-controller@0.0.14(@mercuryworkshop/scramjet@1.1.0)':
    dependencies:
      '@fastify/deepmerge': 3.2.1
      '@mercuryworkshop/proxy-transports': 1.0.2
      '@mercuryworkshop/scramjet': 1.1.0

  '@mercuryworkshop/scramjet-utils@0.0.3(@mercuryworkshop/scramjet-controller@0.0.14(@mercuryworkshop/scramjet@1.1.0))(@mercuryworkshop/scramjet@1.1.0)':
    dependencies:
      '@mercuryworkshop/scramjet': 1.1.0
      '@mercuryworkshop/scramjet-controller': 0.0.14(@mercuryworkshop/scramjet@1.1.0)

  '@mercuryworkshop/scramjet@1.1.0':
    dependencies:
      '@mercuryworkshop/bare-mux': 2.1.9
      dom-serializer: 2.0.0
      domhandler: 5.0.3
      domutils: 3.2.2
      htmlparser2: 10.0.0
      idb: 8.0.3
      parse-domain: 8.4.0
      set-cookie-parser: 2.7.2

  '@mercuryworkshop/wisp-js@0.4.1':
    dependencies:
      bufferutil: 4.1.0
      commander: 14.0.3
      ipaddr.js: 2.5.0
      ws: 8.22.0(bufferutil@4.1.0)
    transitivePeerDependencies:
      - utf-8-validate

  '@sveltejs/acorn-typescript@1.0.13(acorn@8.18.0)':
    dependencies:
      acorn: 8.18.0

  '@types/estree@1.0.9': {}

  accepts@2.0.0:
    dependencies:
      mime-types: 3.0.2
      negotiator: 1.1.0

  acorn@8.18.0: {}

  aria-query@5.3.1: {}

  axobject-query@4.1.0: {}

  body-parser@2.3.0:
    dependencies:
      bytes: 3.1.2
      content-type: 2.1.0
      debug: 4.4.3
      http-errors: 2.0.1
      iconv-lite: 0.7.3
      on-finished: 2.4.1
      qs: 6.16.0
      raw-body: 3.0.2
      type-is: 2.1.0
    transitivePeerDependencies:
      - supports-color

  bufferutil@4.1.0:
    dependencies:
      node-gyp-build: 4.8.4

  bytes@3.1.2: {}

  call-bind-apply-helpers@1.0.2:
    dependencies:
      es-errors: 1.3.0
      function-bind: 1.1.2

  call-bound@1.0.4:
    dependencies:
      call-bind-apply-helpers: 1.0.2
      get-intrinsic: 1.3.0

  chownr@3.0.0: {}

  clone-regexp@3.0.0:
    dependencies:
      is-regexp: 3.1.0

  clsx@2.1.1: {}

  commander@14.0.3: {}

  content-disposition@1.1.0: {}

  content-type@1.0.5: {}

  content-type@2.1.0: {}

  convert-hrtime@5.0.0: {}

  cookie-signature@1.2.2: {}

  cookie@0.7.2: {}

  debug@4.4.3:
    dependencies:
      ms: 2.1.3

  depd@2.0.0: {}

  devalue@5.9.4: {}

  dom-serializer@2.0.0:
    dependencies:
      domelementtype: 2.3.0
      domhandler: 5.0.3
      entities: 4.5.0

  domelementtype@2.3.0: {}

  domhandler@5.0.3:
    dependencies:
      domelementtype: 2.3.0

  domutils@3.2.2:
    dependencies:
      dom-serializer: 2.0.0
      domelementtype: 2.3.0
      domhandler: 5.0.3

  dunder-proto@1.0.1:
    dependencies:
      call-bind-apply-helpers: 1.0.2
      es-errors: 1.3.0
      gopd: 1.2.0

  ee-first@1.1.1: {}

  encodeurl@2.0.0: {}

  entities@4.5.0: {}

  entities@6.0.1: {}

  es-define-property@1.0.1: {}

  es-errors@1.3.0: {}

  es-object-atoms@1.1.2:
    dependencies:
      es-errors: 1.3.0

  escape-html@1.0.3: {}

  esm-env@1.2.2: {}

  esrap@2.4.0:
    dependencies:
      '@jridgewell/sourcemap-codec': 1.6.0

  etag@1.8.1: {}

  express@5.2.1:
    dependencies:
      accepts: 2.0.0
      body-parser: 2.3.0
      content-disposition: 1.1.0
      content-type: 1.0.5
      cookie: 0.7.2
      cookie-signature: 1.2.2
      debug: 4.4.3
      depd: 2.0.0
      encodeurl: 2.0.0
      escape-html: 1.0.3
      etag: 1.8.1
      finalhandler: 2.1.1
      fresh: 2.0.0
      http-errors: 2.0.1
      merge-descriptors: 2.0.0
      mime-types: 3.0.2
      on-finished: 2.4.1
      once: 1.4.0
      parseurl: 1.3.3
      proxy-addr: 2.0.8
      qs: 6.16.0
      range-parser: 1.3.0
      router: 2.2.0
      send: 1.2.1
      serve-static: 2.2.1
      statuses: 2.0.2
      type-is: 2.1.0
      vary: 1.1.2
    transitivePeerDependencies:
      - supports-color

  finalhandler@2.1.1:
    dependencies:
      debug: 4.4.3
      encodeurl: 2.0.0
      escape-html: 1.0.3
      on-finished: 2.4.1
      parseurl: 1.3.3
      statuses: 2.0.2
    transitivePeerDependencies:
      - supports-color

  forwarded@0.2.0: {}

  fresh@2.0.0: {}

  function-bind@1.1.2: {}

  function-timeout@0.1.1: {}

  get-intrinsic@1.3.0:
    dependencies:
      call-bind-apply-helpers: 1.0.2
      es-define-property: 1.0.1
      es-errors: 1.3.0
      es-object-atoms: 1.1.2
      function-bind: 1.1.2
      get-proto: 1.0.1
      gopd: 1.2.0
      has-symbols: 1.1.0
      hasown: 2.0.4
      math-intrinsics: 1.1.0

  get-proto@1.0.1:
    dependencies:
      dunder-proto: 1.0.1
      es-object-atoms: 1.1.2

  gopd@1.2.0: {}

  has-symbols@1.1.0: {}

  hasown@2.0.4:
    dependencies:
      function-bind: 1.1.2

  htmlparser2@10.0.0:
    dependencies:
      domelementtype: 2.3.0
      domhandler: 5.0.3
      domutils: 3.2.2
      entities: 6.0.1

  http-errors@2.0.1:
    dependencies:
      depd: 2.0.0
      inherits: 2.0.4
      setprototypeof: 1.2.0
      statuses: 2.0.2
      toidentifier: 1.0.1

  iconv-lite@0.7.3:
    dependencies:
      safer-buffer: 2.1.2

  idb@8.0.3: {}

  inherits@2.0.4: {}

  ip-regex@5.0.0: {}

  ipaddr.js@1.9.1: {}

  ipaddr.js@2.5.0: {}

  is-ip@5.0.1:
    dependencies:
      ip-regex: 5.0.0
      super-regex: 0.2.0

  is-promise@4.0.0: {}

  is-reference@3.0.3:
    dependencies:
      '@types/estree': 1.0.9

  is-regexp@3.1.0: {}

  libcurl.js@0.7.4: {}

  locate-character@3.0.0: {}

  magic-string@0.30.21:
    dependencies:
      '@jridgewell/sourcemap-codec': 1.6.0

  math-intrinsics@1.1.0: {}

  media-typer@1.1.1: {}

  merge-descriptors@2.0.0: {}

  mime-db@1.54.0: {}

  mime-types@3.0.2:
    dependencies:
      mime-db: 1.54.0

  minipass@7.1.3: {}

  minizlib@3.1.0:
    dependencies:
      minipass: 7.1.3

  ms@2.1.3: {}

  negotiator@1.1.0:
    dependencies:
      content-type: 2.1.0

  node-gyp-build@4.8.4: {}

  object-inspect@1.13.4: {}

  on-finished@2.4.1:
    dependencies:
      ee-first: 1.1.1

  once@1.4.0:
    dependencies:
      wrappy: 1.0.2

  parse-domain@8.4.0:
    dependencies:
      is-ip: 5.0.1

  parseurl@1.3.3: {}

  path-to-regexp@8.4.2: {}

  proxy-addr@2.0.8:
    dependencies:
      forwarded: 0.2.0
      ipaddr.js: 1.9.1

  qs@6.16.0:
    dependencies:
      es-define-property: 1.0.1
      side-channel: 1.1.1

  range-parser@1.3.0: {}

  raw-body@3.0.2:
    dependencies:
      bytes: 3.1.2
      http-errors: 2.0.1
      iconv-lite: 0.7.3
      unpipe: 1.0.0

  router@2.2.0:
    dependencies:
      debug: 4.4.3
      depd: 2.0.0
      is-promise: 4.0.0
      parseurl: 1.3.3
      path-to-regexp: 8.4.2
    transitivePeerDependencies:
      - supports-color

  safer-buffer@2.1.2: {}

  send@1.2.1:
    dependencies:
      debug: 4.4.3
      encodeurl: 2.0.0
      escape-html: 1.0.3
      etag: 1.8.1
      fresh: 2.0.0
      http-errors: 2.0.1
      mime-types: 3.0.2
      ms: 2.1.3
      on-finished: 2.4.1
      range-parser: 1.3.0
      statuses: 2.0.2
    transitivePeerDependencies:
      - supports-color

  serve-static@2.2.1:
    dependencies:
      encodeurl: 2.0.0
      escape-html: 1.0.3
      parseurl: 1.3.3
      send: 1.2.1
    transitivePeerDependencies:
      - supports-color

  set-cookie-parser@2.7.2: {}

  setprototypeof@1.2.0: {}

  side-channel-list@1.0.1:
    dependencies:
      es-errors: 1.3.0
      object-inspect: 1.13.4

  side-channel-map@1.0.1:
    dependencies:
      call-bound: 1.0.4
      es-errors: 1.3.0
      get-intrinsic: 1.3.0
      object-inspect: 1.13.4

  side-channel-weakmap@1.0.2:
    dependencies:
      call-bound: 1.0.4
      es-errors: 1.3.0
      get-intrinsic: 1.3.0
      object-inspect: 1.13.4
      side-channel-map: 1.0.1

  side-channel@1.1.1:
    dependencies:
      es-errors: 1.3.0
      object-inspect: 1.13.4
      side-channel-list: 1.0.1
      side-channel-map: 1.0.1
      side-channel-weakmap: 1.0.2

  statuses@2.0.2: {}

  super-regex@0.2.0:
    dependencies:
      clone-regexp: 3.0.0
      function-timeout: 0.1.1
      time-span: 5.1.0

  svelte@5.57.1:
    dependencies:
      '@jridgewell/remapping': 2.3.5
      '@jridgewell/sourcemap-codec': 1.6.0
      '@sveltejs/acorn-typescript': 1.0.13(acorn@8.18.0)
      '@types/estree': 1.0.9
      acorn: 8.18.0
      aria-query: 5.3.1
      axobject-query: 4.1.0
      clsx: 2.1.1
      devalue: 5.9.4
      esm-env: 1.2.2
      esrap: 2.4.0
      is-reference: 3.0.3
      locate-character: 3.0.0
      magic-string: 0.30.21
      zimmerframe: 1.1.5
    transitivePeerDependencies:
      - '@typescript-eslint/types'

  tar@7.5.22:
    dependencies:
      '@isaacs/fs-minipass': 4.0.1
      chownr: 3.0.0
      minipass: 7.1.3
      minizlib: 3.1.0
      yallist: 5.0.0

  time-span@5.1.0:
    dependencies:
      convert-hrtime: 5.0.0

  toidentifier@1.0.1: {}

  type-is@2.1.0:
    dependencies:
      content-type: 2.1.0
      media-typer: 1.1.1
      mime-types: 3.0.2

  unpipe@1.0.0: {}

  vary@1.1.2: {}

  wrappy@1.0.2: {}

  ws@8.22.0(bufferutil@4.1.0):
    optionalDependencies:
      bufferutil: 4.1.0

  yallist@5.0.0: {}

  zimmerframe@1.1.5: {}
